github.com/google/uuid v1.6.0 h1:NIvaJDMOsjHA8n1jAhLSgzrAzy1Hgr+hNrb57e+94F0=
github.com/google/uuid v1.6.0/go.mod h1:TIyPZe4MgqvfeYDBFedMoGGpEw/LqOeaOT+nhxU+yHo=
github.com/simonjanss/rig/runtime v0.2.1 h1:Jqd2jhgvUvSsy0C5uWTpqF44pHzxA6+oww4jmusW5Uk=
github.com/simonjanss/rig/runtime v0.2.1/go.mod h1:pIwMlLv4x4i9xgg0LqfCTFfC9XyEjq8oa/skb3dPFXQ=
