github.com/google/uuid v1.6.0 h1:NIvaJDMOsjHA8n1jAhLSgzrAzy1Hgr+hNrb57e+94F0=
github.com/google/uuid v1.6.0/go.mod h1:TIyPZe4MgqvfeYDBFedMoGGpEw/LqOeaOT+nhxU+yHo=
github.com/simonjanss/rig/runtime v0.1.0 h1:jiijzJw2Xw8pHbWvGfO4u4u2CeQJTIMo3RxfSkq+x/Q=
github.com/simonjanss/rig/runtime v0.1.0/go.mod h1:pIwMlLv4x4i9xgg0LqfCTFfC9XyEjq8oa/skb3dPFXQ=
