github.com/google/uuid v1.6.0 h1:NIvaJDMOsjHA8n1jAhLSgzrAzy1Hgr+hNrb57e+94F0=
github.com/google/uuid v1.6.0/go.mod h1:TIyPZe4MgqvfeYDBFedMoGGpEw/LqOeaOT+nhxU+yHo=
github.com/simonjanss/rig/runtime v0.3.0 h1:hHWA1gnzwPG5sZKhQ7HOUh3UW1Q96E+iNuZuu5OlkU8=
github.com/simonjanss/rig/runtime v0.3.0/go.mod h1:pIwMlLv4x4i9xgg0LqfCTFfC9XyEjq8oa/skb3dPFXQ=
